
Microsoft Visual Studio Solution File, Format Version 12.00
# Visual Studio Version 16
VisualStudioVersion = 16.0.29411.138
MinimumVisualStudioVersion = 15.0.26124.0
Project("{9A19103F-16F7-4668-BE54-9A1E7A4F7556}") = "Geex.Server", "Geex.Server\Geex.Server.csproj", "{DFB7E9AB-15A6-4287-987A-185DF363050E}"
EndProject
Project("{9A19103F-16F7-4668-BE54-9A1E7A4F7556}") = "Geex.Common", "..\.submodules\Geex.Common\Geex.Common.csproj", "{B54B0F00-00C0-4DB8-9B62-F1B8AF3CEA0A}"
EndProject
Project("{9A19103F-16F7-4668-BE54-9A1E7A4F7556}") = "Geex.Core", "Geex.Core\Geex.Core.csproj", "{2DF5580F-2D52-4DB0-9087-15D003177303}"
EndProject
Project("{9A19103F-16F7-4668-BE54-9A1E7A4F7556}") = "MongoDB.Entities", "..\.submodules\MongoDB.Entities\MongoDB.Entities\MongoDB.Entities.csproj", "{C3514DCE-609E-4F72-BA86-58FE026E829B}"
EndProject
Project("{9A19103F-16F7-4668-BE54-9A1E7A4F7556}") = "Geexbox.Logging.ElasticSearch", "..\.submodules\geexbox.logging.elasticsearch\Geexbox.Logging.ElasticSearch.csproj", "{24C6E7E7-CE87-4271-97FD-33059408BF8F}"
EndProject
Project("{2150E333-8FDC-42A3-9474-1A3956D46DE8}") = "Solution Items", "Solution Items", "{6D53463F-FD5C-4F1B-9CC1-55172B2450F1}"
	ProjectSection(SolutionItems) = preProject
		.editorconfig = .editorconfig
	EndProjectSection
EndProject
Project("{2150E333-8FDC-42A3-9474-1A3956D46DE8}") = "submodules", "submodules", "{708825AC-62A7-4AF2-AA60-565130F0053F}"
EndProject
Project("{9A19103F-16F7-4668-BE54-9A1E7A4F7556}") = "Geex.IdentityServer", "..\.submodules\Geex.IdentityServer\Geex.IdentityServer.csproj", "{687C0644-A26A-40ED-9B2B-9C83E17C96F6}"
EndProject
Project("{9A19103F-16F7-4668-BE54-9A1E7A4F7556}") = "Geex.Common.Settings", "..\.submodules\Geex.Common.Settings\Geex.Common.Settings.csproj", "{D29C811A-565A-46DC-A508-CBE27EA688DB}"
EndProject
Project("{9A19103F-16F7-4668-BE54-9A1E7A4F7556}") = "Geex.Common.Redis", "..\.submodules\Geex.Common.Redis\Geex.Common.Redis.csproj", "{76DF6C4E-F9DC-4B27-91E2-8F6D19417041}"
EndProject
Project("{9A19103F-16F7-4668-BE54-9A1E7A4F7556}") = "Geex.Common.Abstraction", "..\.submodules\Geex.Common.Abstraction\Geex.Common.Abstraction.csproj", "{E557BB3E-4510-4375-908C-1763D08C7E46}"
EndProject
Project("{9A19103F-16F7-4668-BE54-9A1E7A4F7556}") = "Geex.Common.Logging", "..\.submodules\Geex.Common.Logging\Geex.Common.Logging.csproj", "{1717CA46-15D1-4076-A942-5D3925D05FA1}"
EndProject
Project("{2150E333-8FDC-42A3-9474-1A3956D46DE8}") = "Geex.Common.Messaging", "Geex.Common.Messaging", "{FA9112DB-8186-4DB1-8745-8407EA0F87A3}"
EndProject
Project("{9A19103F-16F7-4668-BE54-9A1E7A4F7556}") = "Geex.Common.Messaging.Api", "..\.submodules\Geex.Common.Messaging\Geex.Common.Messaging.Api\Geex.Common.Messaging.Api.csproj", "{0BBBCC59-4B5A-4766-B4A8-25EDD7206C48}"
EndProject
Project("{9A19103F-16F7-4668-BE54-9A1E7A4F7556}") = "Geex.Common.Messaging.Core", "..\.submodules\Geex.Common.Messaging\Geex.Common.Messaging.Core\Geex.Common.Messaging.Core.csproj", "{9397C18A-3C2B-4BA9-A928-2CDE1DB9C8B4}"
EndProject
Global
	GlobalSection(SolutionConfigurationPlatforms) = preSolution
		Debug|Any CPU = Debug|Any CPU
		Release|Any CPU = Release|Any CPU
	EndGlobalSection
	GlobalSection(ProjectConfigurationPlatforms) = postSolution
		{DFB7E9AB-15A6-4287-987A-185DF363050E}.Debug|Any CPU.ActiveCfg = Debug|Any CPU
		{DFB7E9AB-15A6-4287-987A-185DF363050E}.Debug|Any CPU.Build.0 = Debug|Any CPU
		{DFB7E9AB-15A6-4287-987A-185DF363050E}.Release|Any CPU.ActiveCfg = Release|Any CPU
		{DFB7E9AB-15A6-4287-987A-185DF363050E}.Release|Any CPU.Build.0 = Release|Any CPU
		{B54B0F00-00C0-4DB8-9B62-F1B8AF3CEA0A}.Debug|Any CPU.ActiveCfg = Debug|Any CPU
		{B54B0F00-00C0-4DB8-9B62-F1B8AF3CEA0A}.Debug|Any CPU.Build.0 = Debug|Any CPU
		{B54B0F00-00C0-4DB8-9B62-F1B8AF3CEA0A}.Release|Any CPU.ActiveCfg = Release|Any CPU
		{B54B0F00-00C0-4DB8-9B62-F1B8AF3CEA0A}.Release|Any CPU.Build.0 = Release|Any CPU
		{2DF5580F-2D52-4DB0-9087-15D003177303}.Debug|Any CPU.ActiveCfg = Debug|Any CPU
		{2DF5580F-2D52-4DB0-9087-15D003177303}.Debug|Any CPU.Build.0 = Debug|Any CPU
		{2DF5580F-2D52-4DB0-9087-15D003177303}.Release|Any CPU.ActiveCfg = Release|Any CPU
		{2DF5580F-2D52-4DB0-9087-15D003177303}.Release|Any CPU.Build.0 = Release|Any CPU
		{C3514DCE-609E-4F72-BA86-58FE026E829B}.Debug|Any CPU.ActiveCfg = Debug|Any CPU
		{C3514DCE-609E-4F72-BA86-58FE026E829B}.Debug|Any CPU.Build.0 = Debug|Any CPU
		{C3514DCE-609E-4F72-BA86-58FE026E829B}.Release|Any CPU.ActiveCfg = Release|Any CPU
		{C3514DCE-609E-4F72-BA86-58FE026E829B}.Release|Any CPU.Build.0 = Release|Any CPU
		{24C6E7E7-CE87-4271-97FD-33059408BF8F}.Debug|Any CPU.ActiveCfg = Debug|Any CPU
		{24C6E7E7-CE87-4271-97FD-33059408BF8F}.Debug|Any CPU.Build.0 = Debug|Any CPU
		{24C6E7E7-CE87-4271-97FD-33059408BF8F}.Release|Any CPU.ActiveCfg = Release|Any CPU
		{24C6E7E7-CE87-4271-97FD-33059408BF8F}.Release|Any CPU.Build.0 = Release|Any CPU
		{687C0644-A26A-40ED-9B2B-9C83E17C96F6}.Debug|Any CPU.ActiveCfg = Debug|Any CPU
		{687C0644-A26A-40ED-9B2B-9C83E17C96F6}.Debug|Any CPU.Build.0 = Debug|Any CPU
		{687C0644-A26A-40ED-9B2B-9C83E17C96F6}.Release|Any CPU.ActiveCfg = Release|Any CPU
		{687C0644-A26A-40ED-9B2B-9C83E17C96F6}.Release|Any CPU.Build.0 = Release|Any CPU
		{D29C811A-565A-46DC-A508-CBE27EA688DB}.Debug|Any CPU.ActiveCfg = Debug|Any CPU
		{D29C811A-565A-46DC-A508-CBE27EA688DB}.Debug|Any CPU.Build.0 = Debug|Any CPU
		{D29C811A-565A-46DC-A508-CBE27EA688DB}.Release|Any CPU.ActiveCfg = Release|Any CPU
		{D29C811A-565A-46DC-A508-CBE27EA688DB}.Release|Any CPU.Build.0 = Release|Any CPU
		{76DF6C4E-F9DC-4B27-91E2-8F6D19417041}.Debug|Any CPU.ActiveCfg = Debug|Any CPU
		{76DF6C4E-F9DC-4B27-91E2-8F6D19417041}.Debug|Any CPU.Build.0 = Debug|Any CPU
		{76DF6C4E-F9DC-4B27-91E2-8F6D19417041}.Release|Any CPU.ActiveCfg = Release|Any CPU
		{76DF6C4E-F9DC-4B27-91E2-8F6D19417041}.Release|Any CPU.Build.0 = Release|Any CPU
		{E557BB3E-4510-4375-908C-1763D08C7E46}.Debug|Any CPU.ActiveCfg = Debug|Any CPU
		{E557BB3E-4510-4375-908C-1763D08C7E46}.Debug|Any CPU.Build.0 = Debug|Any CPU
		{E557BB3E-4510-4375-908C-1763D08C7E46}.Release|Any CPU.ActiveCfg = Release|Any CPU
		{E557BB3E-4510-4375-908C-1763D08C7E46}.Release|Any CPU.Build.0 = Release|Any CPU
		{1717CA46-15D1-4076-A942-5D3925D05FA1}.Debug|Any CPU.ActiveCfg = Debug|Any CPU
		{1717CA46-15D1-4076-A942-5D3925D05FA1}.Debug|Any CPU.Build.0 = Debug|Any CPU
		{1717CA46-15D1-4076-A942-5D3925D05FA1}.Release|Any CPU.ActiveCfg = Release|Any CPU
		{1717CA46-15D1-4076-A942-5D3925D05FA1}.Release|Any CPU.Build.0 = Release|Any CPU
		{0BBBCC59-4B5A-4766-B4A8-25EDD7206C48}.Debug|Any CPU.ActiveCfg = Debug|Any CPU
		{0BBBCC59-4B5A-4766-B4A8-25EDD7206C48}.Debug|Any CPU.Build.0 = Debug|Any CPU
		{0BBBCC59-4B5A-4766-B4A8-25EDD7206C48}.Release|Any CPU.ActiveCfg = Release|Any CPU
		{0BBBCC59-4B5A-4766-B4A8-25EDD7206C48}.Release|Any CPU.Build.0 = Release|Any CPU
		{9397C18A-3C2B-4BA9-A928-2CDE1DB9C8B4}.Debug|Any CPU.ActiveCfg = Debug|Any CPU
		{9397C18A-3C2B-4BA9-A928-2CDE1DB9C8B4}.Debug|Any CPU.Build.0 = Debug|Any CPU
		{9397C18A-3C2B-4BA9-A928-2CDE1DB9C8B4}.Release|Any CPU.ActiveCfg = Release|Any CPU
		{9397C18A-3C2B-4BA9-A928-2CDE1DB9C8B4}.Release|Any CPU.Build.0 = Release|Any CPU
	EndGlobalSection
	GlobalSection(SolutionProperties) = preSolution
		HideSolutionNode = FALSE
	EndGlobalSection
	GlobalSection(NestedProjects) = preSolution
		{B54B0F00-00C0-4DB8-9B62-F1B8AF3CEA0A} = {708825AC-62A7-4AF2-AA60-565130F0053F}
		{C3514DCE-609E-4F72-BA86-58FE026E829B} = {708825AC-62A7-4AF2-AA60-565130F0053F}
		{24C6E7E7-CE87-4271-97FD-33059408BF8F} = {708825AC-62A7-4AF2-AA60-565130F0053F}
		{687C0644-A26A-40ED-9B2B-9C83E17C96F6} = {708825AC-62A7-4AF2-AA60-565130F0053F}
		{D29C811A-565A-46DC-A508-CBE27EA688DB} = {708825AC-62A7-4AF2-AA60-565130F0053F}
		{76DF6C4E-F9DC-4B27-91E2-8F6D19417041} = {708825AC-62A7-4AF2-AA60-565130F0053F}
		{E557BB3E-4510-4375-908C-1763D08C7E46} = {708825AC-62A7-4AF2-AA60-565130F0053F}
		{1717CA46-15D1-4076-A942-5D3925D05FA1} = {708825AC-62A7-4AF2-AA60-565130F0053F}
		{FA9112DB-8186-4DB1-8745-8407EA0F87A3} = {708825AC-62A7-4AF2-AA60-565130F0053F}
		{0BBBCC59-4B5A-4766-B4A8-25EDD7206C48} = {FA9112DB-8186-4DB1-8745-8407EA0F87A3}
		{9397C18A-3C2B-4BA9-A928-2CDE1DB9C8B4} = {FA9112DB-8186-4DB1-8745-8407EA0F87A3}
	EndGlobalSection
	GlobalSection(ExtensibilityGlobals) = postSolution
		SolutionGuid = {B29333E1-4892-465E-983D-B4CDFFEA01C3}
	EndGlobalSection
EndGlobal
