
Microsoft Visual Studio Solution File, Format Version 12.00
# Visual Studio Version 16
VisualStudioVersion = 16.0.29411.138
MinimumVisualStudioVersion = 15.0.26124.0
Project("{9A19103F-16F7-4668-BE54-9A1E7A4F7556}") = "Geex.Server", "Geex.Server\Geex.Server.csproj", "{DFB7E9AB-15A6-4287-987A-185DF363050E}"
EndProject
Project("{9A19103F-16F7-4668-BE54-9A1E7A4F7556}") = "Geex.Shared", "Geex.Shared\Geex.Shared.csproj", "{B54B0F00-00C0-4DB8-9B62-F1B8AF3CEA0A}"
EndProject
Project("{9A19103F-16F7-4668-BE54-9A1E7A4F7556}") = "Geex.Core", "Geex.Core\Geex.Core.csproj", "{2DF5580F-2D52-4DB0-9087-15D003177303}"
EndProject
Project("{9A19103F-16F7-4668-BE54-9A1E7A4F7556}") = "Geex.Data", "Geex.Data\Geex.Data.csproj", "{549E161B-CC68-4DA9-8136-998765E94B82}"
EndProject
Project("{9A19103F-16F7-4668-BE54-9A1E7A4F7556}") = "MongoDB.Entities", "..\.submodules\MongoDB.Entities\MongoDB.Entities\MongoDB.Entities.csproj", "{C3514DCE-609E-4F72-BA86-58FE026E829B}"
EndProject
Global
	GlobalSection(SolutionConfigurationPlatforms) = preSolution
		Debug|Any CPU = Debug|Any CPU
		Release|Any CPU = Release|Any CPU
	EndGlobalSection
	GlobalSection(ProjectConfigurationPlatforms) = postSolution
		{DFB7E9AB-15A6-4287-987A-185DF363050E}.Debug|Any CPU.ActiveCfg = Debug|Any CPU
		{DFB7E9AB-15A6-4287-987A-185DF363050E}.Debug|Any CPU.Build.0 = Debug|Any CPU
		{DFB7E9AB-15A6-4287-987A-185DF363050E}.Release|Any CPU.ActiveCfg = Release|Any CPU
		{DFB7E9AB-15A6-4287-987A-185DF363050E}.Release|Any CPU.Build.0 = Release|Any CPU
		{B54B0F00-00C0-4DB8-9B62-F1B8AF3CEA0A}.Debug|Any CPU.ActiveCfg = Debug|Any CPU
		{B54B0F00-00C0-4DB8-9B62-F1B8AF3CEA0A}.Debug|Any CPU.Build.0 = Debug|Any CPU
		{B54B0F00-00C0-4DB8-9B62-F1B8AF3CEA0A}.Release|Any CPU.ActiveCfg = Release|Any CPU
		{B54B0F00-00C0-4DB8-9B62-F1B8AF3CEA0A}.Release|Any CPU.Build.0 = Release|Any CPU
		{2DF5580F-2D52-4DB0-9087-15D003177303}.Debug|Any CPU.ActiveCfg = Debug|Any CPU
		{2DF5580F-2D52-4DB0-9087-15D003177303}.Debug|Any CPU.Build.0 = Debug|Any CPU
		{2DF5580F-2D52-4DB0-9087-15D003177303}.Release|Any CPU.ActiveCfg = Release|Any CPU
		{2DF5580F-2D52-4DB0-9087-15D003177303}.Release|Any CPU.Build.0 = Release|Any CPU
		{549E161B-CC68-4DA9-8136-998765E94B82}.Debug|Any CPU.ActiveCfg = Debug|Any CPU
		{549E161B-CC68-4DA9-8136-998765E94B82}.Debug|Any CPU.Build.0 = Debug|Any CPU
		{549E161B-CC68-4DA9-8136-998765E94B82}.Release|Any CPU.ActiveCfg = Release|Any CPU
		{549E161B-CC68-4DA9-8136-998765E94B82}.Release|Any CPU.Build.0 = Release|Any CPU
		{C3514DCE-609E-4F72-BA86-58FE026E829B}.Debug|Any CPU.ActiveCfg = Debug|Any CPU
		{C3514DCE-609E-4F72-BA86-58FE026E829B}.Debug|Any CPU.Build.0 = Debug|Any CPU
		{C3514DCE-609E-4F72-BA86-58FE026E829B}.Release|Any CPU.ActiveCfg = Release|Any CPU
		{C3514DCE-609E-4F72-BA86-58FE026E829B}.Release|Any CPU.Build.0 = Release|Any CPU
	EndGlobalSection
	GlobalSection(SolutionProperties) = preSolution
		HideSolutionNode = FALSE
	EndGlobalSection
	GlobalSection(ExtensibilityGlobals) = postSolution
		SolutionGuid = {B29333E1-4892-465E-983D-B4CDFFEA01C3}
	EndGlobalSection
EndGlobal
